{
  "lockfileVersion": 2,
  "configVersion": 1,
  "workspaces": {
    "": {
      "name": "tosijs-platform",
      "dependencies": {
        "firebase": "^12.16.0",
        "turndown": "^7.2.4",
      },
      "devDependencies": {
        "@codemirror/lint": "^6.9.7",
        "@types/bun": "^1.3.14",
        "@types/marked": "^5.0.2",
        "@types/turndown": "^5.0.6",
        "@types/web": "^0.0.99",
        "bun-types": "canary",
        "chokidar": "^3.6.0",
        "http-server": "^14.1.1",
        "marked": "^16.4.2",
        "prettier": "^2.8.8",
        "tjs-lang": "^0.12.0",
        "tosijs": "^1.8.2",
        "tosijs-schema": "^1.8.1",
        "tosijs-ui": "^1.12.8",
        "typescript": "^5.9.3",
      },
    },
  },
  "packages": {
    "@codemirror/autocomplete": ["@codemirror/autocomplete@6.20.3", "", { "dependencies": { "@codemirror/language": "^6.0.0", "@codemirror/state": "^6.0.0", "@codemirror/view": "^6.17.0", "@lezer/common": "^1.0.0" } }, "sha512-tlosUqb+3BbxCxZdu4tKeRghPFC+QM7q4X5YhKV2eCmPG+1r2F3f4AaSz5sCrFqUtX4Jh20VFTKecl16MgiV9g=="],

    "@codemirror/commands": ["@codemirror/commands@6.11.0", "", { "dependencies": { "@codemirror/language": "^6.0.0", "@codemirror/state": "^6.7.0", "@codemirror/view": "^6.27.0", "@lezer/common": "^1.1.0" } }, "sha512-/K4Rl5BN0OtTiPWmJCdqODu38XnDMsDxKY5rgrPnCkutPTJf2wVbkoixLfealF5Kwse/s8P8M5jAiURiwSwnFA=="],

    "@codemirror/lang-css": ["@codemirror/lang-css@6.3.1", "", { "dependencies": { "@codemirror/autocomplete": "^6.0.0", "@codemirror/language": "^6.0.0", "@codemirror/state": "^6.0.0", "@lezer/common": "^1.0.2", "@lezer/css": "^1.1.7" } }, "sha512-kr5fwBGiGtmz6l0LSJIbno9QrifNMUusivHbnA1H6Dmqy4HZFte3UAICix1VuKo0lMPKQr2rqB+0BkKi/S3Ejg=="],

    "@codemirror/lang-html": ["@codemirror/lang-html@6.4.12", "", { "dependencies": { "@codemirror/autocomplete": "^6.0.0", "@codemirror/lang-css": "^6.0.0", "@codemirror/lang-javascript": "^6.0.0", "@codemirror/language": "^6.4.0", "@codemirror/state": "^6.0.0", "@codemirror/view": "^6.17.0", "@lezer/common": "^1.0.0", "@lezer/css": "^1.1.0", "@lezer/html": "^1.3.12" } }, "sha512-pw2ReWKUqSkbvh76RAT4NYxiogRu+PWkR2ukAwO9uOgrm8uipkzjtKKtNpyeAQwHOqxEeSvAXZ6vr3AfyB9y/w=="],

    "@codemirror/lang-javascript": ["@codemirror/lang-javascript@6.2.5", "", { "dependencies": { "@codemirror/autocomplete": "^6.0.0", "@codemirror/language": "^6.6.0", "@codemirror/lint": "^6.0.0", "@codemirror/state": "^6.0.0", "@codemirror/view": "^6.17.0", "@lezer/common": "^1.0.0", "@lezer/javascript": "^1.0.0" } }, "sha512-zD4e5mS+50htS7F+TYjBPsiIFGanfVqg4HyUz6WNFikgOPf2BgKlx+TQedI1w6n/IqRBVBbBWmGFdLB/7uxO4A=="],

    "@codemirror/lang-markdown": ["@codemirror/lang-markdown@6.5.2", "", { "dependencies": { "@codemirror/autocomplete": "^6.7.1", "@codemirror/lang-html": "^6.0.0", "@codemirror/language": "^6.3.0", "@codemirror/state": "^6.0.0", "@codemirror/view": "^6.0.0", "@lezer/common": "^1.2.1", "@lezer/markdown": "^1.0.0" } }, "sha512-AwBOdkWYuA//WcM0xO5PfHPUcmz/O2i5o0Nsg1U69SII/loCJlFI1Romd9xp2HYb1kYJRGZotyqRghuHH5n8Kw=="],

    "@codemirror/language": ["@codemirror/language@6.12.4", "", { "dependencies": { "@codemirror/state": "^6.0.0", "@codemirror/view": "^6.23.0", "@lezer/common": "^1.5.0", "@lezer/highlight": "^1.0.0", "@lezer/lr": "^1.0.0", "style-mod": "^4.0.0" } }, "sha512-1q4PaT+o6PbgpkJt4Q8Fv5XJxTy4FUZ4MWETtyiDw3J0Pyr9E2vqcKL+k9wcvjNTIsauxvE7OfmWj3FRPHQ76A=="],

    "@codemirror/lint": ["@codemirror/lint@6.9.7", "", { "dependencies": { "@codemirror/state": "^6.0.0", "@codemirror/view": "^6.42.0", "crelt": "^1.0.5" } }, "sha512-28/+iWLYxKxsvGYhSYL7zaCZqLz5+FFFDq9tVsvGv9kv8RY4fFAchJ5WX9M3YrrRlTIsECjsXPqeNgnSmNP2dg=="],

    "@codemirror/search": ["@codemirror/search@6.7.2", "", { "dependencies": { "@codemirror/state": "^6.0.0", "@codemirror/view": "^6.37.0", "crelt": "^1.0.5" } }, "sha512-gUYkYhT2+n/+VGZ+8EzE5WFkYZUZYm1VOKDudIsNqh42uRVQJ0a6Yss9sdKT3MeOYfuL1N6AZA57oza0Oyr0LA=="],

    "@codemirror/state": ["@codemirror/state@6.7.3", "", { "dependencies": { "@marijn/find-cluster-break": "^1.0.0" } }, "sha512-9aCZCzB5okKHVnUXivo+BXVzZz9b0SA4LAmGX60LuCXT7QjNCEHcD/kdmfYg7vAX3g1O+fy4Cpl6xFsWX2H/lQ=="],

    "@codemirror/theme-one-dark": ["@codemirror/theme-one-dark@6.1.3", "", { "dependencies": { "@codemirror/language": "^6.0.0", "@codemirror/state": "^6.0.0", "@codemirror/view": "^6.0.0", "@lezer/highlight": "^1.0.0" } }, "sha512-NzBdIvEJmx6fjeremiGp3t/okrLPYT0d9orIc7AFun8oZcRk58aejkqhv6spnz4MLAevrKNPMQYXEWMg4s+sKA=="],

    "@codemirror/view": ["@codemirror/view@6.43.11", "", { "dependencies": { "@codemirror/state": "^6.7.0", "crelt": "^1.0.6", "style-mod": "^4.1.0", "w3c-keyname": "^2.2.4" } }, "sha512-2+esucbQX6wB2JYi1eDvdCPFTA31BN8oSy6xCmk3G6CloV11yOvEjYk+gH7kLrP0MuHG94E8WDhjs5oMiu3+Wg=="],

    "@firebase/ai": ["@firebase/ai@2.15.0", "", { "dependencies": { "@firebase/app-check-interop-types": "0.3.5", "@firebase/component": "0.7.5", "@firebase/logger": "0.5.2", "@firebase/util": "1.15.3", "tslib": "^2.1.0" }, "peerDependencies": { "@firebase/app": "0.x", "@firebase/app-types": "0.x" } }, "sha512-Aj7TbFdAIWZdkX8JfdDStERpR35g6WNs+7XhNPtFLFOizUotj6k4N/D8HJkR45165HhnMJBe4hjOeeaxnnn56Q=="],

    "@firebase/analytics": ["@firebase/analytics@0.10.24", "", { "dependencies": { "@firebase/component": "0.7.5", "@firebase/installations": "0.6.24", "@firebase/logger": "0.5.2", "@firebase/util": "1.15.3", "tslib": "^2.1.0" }, "peerDependencies": { "@firebase/app": "0.x" } }, "sha512-OfIAcIIwoqXjBzS+DnUQpOZ7i3ePaNFg83KPpDWjBZUKJmqMwzzAtLJqmKZOkQnW8im6vFR6f2I3M/9hxVd+QA=="],

    "@firebase/analytics-compat": ["@firebase/analytics-compat@0.2.30", "", { "dependencies": { "@firebase/analytics": "0.10.24", "@firebase/analytics-types": "0.8.5", "@firebase/component": "0.7.5", "@firebase/util": "1.15.3", "tslib": "^2.1.0" }, "peerDependencies": { "@firebase/app": "0.x", "@firebase/app-compat": "0.x" } }, "sha512-uVZEKlLaW4AHAhv8zoN9cTmveX6v86AVqcJ4LCaRCMTChTH8/NsjbisTq1lpBfWCLWS1spqwSHB4vol/YSCdMA=="],

    "@firebase/analytics-types": ["@firebase/analytics-types@0.8.5", "", {}, "sha512-kdnooE7Bis2jEnsqcerRwn/UQpH5D3uvHpku7OdUM9TJN3omlu6iYtbyAQ6XkAJRgJtO0aNf9OOkW8J6D59oCA=="],

    "@firebase/app": ["@firebase/app@0.16.1", "", { "dependencies": { "@firebase/component": "0.7.5", "@firebase/logger": "0.5.2", "@firebase/util": "1.15.3", "idb": "7.1.1", "tslib": "^2.1.0" } }, "sha512-tjUEorFyKrurH7PbLWv9zDHRuU4mLefgD/yY38D584ziorIRlQz/PVjx4c/SCGyCuUlmyzt72mK+Lh+COAywNQ=="],

    "@firebase/app-check": ["@firebase/app-check@0.13.1", "", { "dependencies": { "@firebase/component": "0.7.5", "@firebase/logger": "0.5.2", "@firebase/util": "1.15.3", "tslib": "^2.1.0" }, "peerDependencies": { "@firebase/app": "0.x" } }, "sha512-l8y3dmnhodXks/APAwx4tWqRl3tk8b9874KF1FJyKg1DIU+kMD0l52iz7S9/MW+eK8k6cjJg0G0iJ5KQAsQpow=="],

    "@firebase/app-check-compat": ["@firebase/app-check-compat@0.4.7", "", { "dependencies": { "@firebase/app-check": "0.13.1", "@firebase/app-check-types": "0.5.5", "@firebase/component": "0.7.5", "@firebase/logger": "0.5.2", "@firebase/util": "1.15.3", "tslib": "^2.1.0" }, "peerDependencies": { "@firebase/app": "0.x", "@firebase/app-compat": "0.x" } }, "sha512-fBb/xSMyIKv1nDmccfzz3IAGBzx/cQOxmZai66rJzifb1hMMkztf824Xx7LhpTUe7HNUbXwY90IvJ66fi8q6yg=="],

    "@firebase/app-check-interop-types": ["@firebase/app-check-interop-types@0.3.5", "", {}, "sha512-qId34pVZ2CXTmtu4ofW5leiI93DvnOvIcr/5GT7MZPw5WXAi6nZoU+g9cNRgl7K90UJSbK0cXxten4meYMPyZg=="],

    "@firebase/app-check-types": ["@firebase/app-check-types@0.5.5", "", {}, "sha512-+DF4gzFrlwGFyky38o4T/YN/r51l70yCtJ2HTkwmRj8FCMwPjm4hLH4fQbj6BUvzkiFqliBkitFsRpf1/YZkWA=="],

    "@firebase/app-compat": ["@firebase/app-compat@0.5.17", "", { "dependencies": { "@firebase/app": "0.16.1", "@firebase/component": "0.7.5", "@firebase/logger": "0.5.2", "@firebase/util": "1.15.3", "tslib": "^2.1.0" } }, "sha512-5GdJWobqs6jbNYOnaQiSa4Ng8gnFerhqr7nY+v5jlnT7o9QbEeIZRLPQpnLe0TxYSWfRV2lAMbyR0kbXeIos9Q=="],

    "@firebase/app-types": ["@firebase/app-types@0.9.6", "", { "dependencies": { "@firebase/logger": "0.5.2" } }, "sha512-yPLahy7Esfu2w/yme3msVK4xTkDXQqq6szfQn8yVOQpCKiT5GVFjqNpLbuz6NkX0WuTwUidkmPewW3r4xkvpeg=="],

    "@firebase/auth": ["@firebase/auth@1.13.5", "", { "dependencies": { "@firebase/component": "0.7.5", "@firebase/logger": "0.5.2", "@firebase/util": "1.15.3", "tslib": "^2.1.0" }, "peerDependencies": { "@firebase/app": "0.x", "@react-native-async-storage/async-storage": "^2.2.0 || ^3.0.0" }, "optionalPeers": ["@react-native-async-storage/async-storage"] }, "sha512-1AXoBJqBVD8WL8FZYo3S2GmJF9YUoom6Y6ngMxOSkzzhW5sT83pLchb6TGFgxes91dfXx8s/VYc5VrLDNqpLog=="],

    "@firebase/auth-compat": ["@firebase/auth-compat@0.6.10", "", { "dependencies": { "@firebase/auth": "1.13.5", "@firebase/auth-types": "0.13.2", "@firebase/component": "0.7.5", "@firebase/util": "1.15.3", "tslib": "^2.1.0" }, "peerDependencies": { "@firebase/app": "0.x", "@firebase/app-compat": "0.x" } }, "sha512-Bvklg2nL7BrBFCAqdsleW8fse9Jh0fARqJPlJmA40uermfWx1bJiO7dnKyZN3J39d2TFVd4VJXtg3i6Wg92/YQ=="],

    "@firebase/auth-interop-types": ["@firebase/auth-interop-types@0.2.6", "", {}, "sha512-FgwZqDrBqgK0BHI70QTv1v/5wmuDF9f8fsJFvKSxoRlK2PPfSQtZAk2jhXu4pe9BZzFi/e4UYusU/bEQHdf6Qg=="],

    "@firebase/auth-types": ["@firebase/auth-types@0.13.2", "", { "peerDependencies": { "@firebase/app-types": "0.x", "@firebase/util": "1.x" } }, "sha512-OU+miuoSxIWYN7GT291d2ylVJBL3k/OePo7/JDSoQtkFQoEiGBc4AHuMjj/seqFIsHrqnjrAfRCk4pfufoJolQ=="],

    "@firebase/component": ["@firebase/component@0.7.5", "", { "dependencies": { "@firebase/util": "1.15.3", "tslib": "^2.1.0" } }, "sha512-vuFDcL91Q+2ZuBJkyOh86T4q0B4ffNTDjc/A38tybO56odQABxRTFLTIowCWqAKeIcgo37GowWMVgFF73gD8Qw=="],

    "@firebase/data-connect": ["@firebase/data-connect@0.7.4", "", { "dependencies": { "@firebase/auth-interop-types": "0.2.6", "@firebase/component": "0.7.5", "@firebase/logger": "0.5.2", "@firebase/util": "1.15.3", "tslib": "^2.1.0" }, "peerDependencies": { "@firebase/app": "0.x" } }, "sha512-su1aGWlzhxb+xtggCUSsufJn1FDa06SBDK71y+fpQ+g2zMhMExik6FUv/odkKzOF/xfWVjabCbWBcjJY3MceDA=="],

    "@firebase/database": ["@firebase/database@1.1.5", "", { "dependencies": { "@firebase/app-check-interop-types": "0.3.5", "@firebase/auth-interop-types": "0.2.6", "@firebase/component": "0.7.5", "@firebase/logger": "0.5.2", "@firebase/util": "1.15.3", "faye-websocket": "0.11.4", "tslib": "^2.1.0" } }, "sha512-/JGpvszLoNXNgzilRXocigGfFF4hbcPA9wN1i1kjJx6oKkXgkHteZYl3lQs1lJX3ETDf6bv7zI15lPMVUp4sAQ=="],

    "@firebase/database-compat": ["@firebase/database-compat@2.1.7", "", { "dependencies": { "@firebase/component": "0.7.5", "@firebase/database": "1.1.5", "@firebase/database-types": "1.0.22", "@firebase/logger": "0.5.2", "@firebase/util": "1.15.3", "tslib": "^2.1.0" }, "peerDependencies": { "@firebase/app": "0.x", "@firebase/app-compat": "0.x" }, "optionalPeers": ["@firebase/app", "@firebase/app-compat"] }, "sha512-lBq9sJm8MnJINKJnkAKSOj2MbC66xGoSVCcGkPtstl+lkoKEBtD46qHLbuDgW/WbLPoKVm17RIN8BxHj+Z2F2w=="],

    "@firebase/database-types": ["@firebase/database-types@1.0.22", "", { "dependencies": { "@firebase/app-types": "0.9.6", "@firebase/util": "1.15.3" } }, "sha512-YAZNXsjY9EQQ+pKw/3ax8n5FgolHC7Qew7EY5RceYdl0R2ZP+kCv1O0DkKlcceue8uQCOreHCNN7PWVFpY1Nug=="],

    "@firebase/firestore": ["@firebase/firestore@4.17.1", "", { "dependencies": { "@firebase/component": "0.7.5", "@firebase/logger": "0.5.2", "@firebase/util": "1.15.3", "@firebase/webchannel-wrapper": "1.0.7", "@grpc/grpc-js": "~1.9.0", "@grpc/proto-loader": "^0.7.8", "re2js": "^2.8.3", "tslib": "^2.1.0" }, "peerDependencies": { "@firebase/app": "0.x" } }, "sha512-8lqPNf2w10CtYG+tayVjZO1pSyQpnhztQRudeD109VtXDzNbASTaYdO43sj5PMsDcWq0aOYY3RmJOUlXu9++jw=="],

    "@firebase/firestore-compat": ["@firebase/firestore-compat@0.4.13", "", { "dependencies": { "@firebase/component": "0.7.5", "@firebase/firestore": "4.17.1", "@firebase/firestore-types": "3.0.5", "@firebase/util": "1.15.3", "tslib": "^2.1.0" }, "peerDependencies": { "@firebase/app": "0.x", "@firebase/app-compat": "0.x" } }, "sha512-l9dCewxMzzLOIhcwTjERCKxrWOn1kZ9JvwOQq9zZNq4I/Nbvb/B9njT230V61uvQ9qZ3/qpUG758D8DDTEFXnw=="],

    "@firebase/firestore-types": ["@firebase/firestore-types@3.0.5", "", { "peerDependencies": { "@firebase/app-types": "0.x", "@firebase/util": "1.x" } }, "sha512-dbdMAQkMd5dwWc48eupz/Y6/E9ruat3+gY5lhVKscvvT/HnDBEEMzJW38zdKhgdnglZHGk2vUsJMOHAphMHGMA=="],

    "@firebase/functions": ["@firebase/functions@0.14.0", "", { "dependencies": { "@firebase/app-check-interop-types": "0.3.5", "@firebase/auth-interop-types": "0.2.6", "@firebase/component": "0.7.5", "@firebase/messaging-interop-types": "0.2.6", "@firebase/util": "1.15.3", "tslib": "^2.1.0" }, "peerDependencies": { "@firebase/app": "0.x" } }, "sha512-DhuYFr0eMhp+s/PNEk6SiMsYkc00+XVOUeKbrl8MOzQNZI3SKQpqoDR1d+keNDAutwmHRWTUAdXBoVPD+xxVUw=="],

    "@firebase/functions-compat": ["@firebase/functions-compat@0.5.0", "", { "dependencies": { "@firebase/component": "0.7.5", "@firebase/functions": "0.14.0", "@firebase/functions-types": "0.6.5", "@firebase/util": "1.15.3", "tslib": "^2.1.0" }, "peerDependencies": { "@firebase/app": "0.x", "@firebase/app-compat": "0.x" } }, "sha512-T3BDIToESZUHt7438wyKYMkRjKg3m1xAIux5fVpNvTRQlDOFLukWniQWBDhJ2znpU9kxMTR6+e31TVo8P15PZw=="],

    "@firebase/functions-types": ["@firebase/functions-types@0.6.5", "", {}, "sha512-Zc0pURjthHXzSj54ZivCkzKDSV1r/wIpnmHdhq82q2yFFPVoncG/ZJjnVMiANvQfeww/QnElhzODpfwUucVwdA=="],

    "@firebase/installations": ["@firebase/installations@0.6.24", "", { "dependencies": { "@firebase/component": "0.7.5", "@firebase/util": "1.15.3", "idb": "7.1.1", "tslib": "^2.1.0" }, "peerDependencies": { "@firebase/app": "0.x" } }, "sha512-Ui52ey8wHoWqkBbXRKJEKYWylI0JZogZmoLS+o8Anh1bxWtK27ZYjLla1UJAAdC5DCKLJ2qAp0VpJOjg8VOX1g=="],

    "@firebase/installations-compat": ["@firebase/installations-compat@0.2.24", "", { "dependencies": { "@firebase/component": "0.7.5", "@firebase/installations": "0.6.24", "@firebase/installations-types": "0.5.5", "@firebase/util": "1.15.3", "tslib": "^2.1.0" }, "peerDependencies": { "@firebase/app": "0.x", "@firebase/app-compat": "0.x" } }, "sha512-8M5nlcWwYt881x83COP2odq5vgf+NgwJh+RMd4LRSv8JI1pxwDfgrDJOERrjTgfC9J5Z0vnQX4b1pdN914e0Zw=="],

    "@firebase/installations-types": ["@firebase/installations-types@0.5.5", "", { "peerDependencies": { "@firebase/app-types": "0.x" } }, "sha512-e9UYcju3puDl1vdrcKIi5dExzHLameOT/Tc61Q48PYwxtsM1NzZh/ikGbdBQTsbRgg0EMZqdPr0/m5ODUBobrg=="],

    "@firebase/logger": ["@firebase/logger@0.5.2", "", { "dependencies": { "tslib": "^2.1.0" } }, "sha512-J2VO4NFTc0xQFrxV1B/lm5balicm9cwuX2acR9Yn41fN8KgUeQFo+VJV222IqW2FPSXKDu9uo5WdQFWf9TPbYg=="],

    "@firebase/messaging": ["@firebase/messaging@0.13.2", "", { "dependencies": { "@firebase/component": "0.7.5", "@firebase/installations": "0.6.24", "@firebase/messaging-interop-types": "0.2.6", "@firebase/util": "1.15.3", "idb": "7.1.1", "tslib": "^2.1.0" }, "peerDependencies": { "@firebase/app": "0.x" } }, "sha512-KcZoqUu2ih4sLH91dW9tmyHjCR0IQyNzSLZunX5uq7cLeImXb4uO2I0wq5FACduO2I+FoTeWa2BtUv7Jpowqdw=="],

    "@firebase/messaging-compat": ["@firebase/messaging-compat@0.2.29", "", { "dependencies": { "@firebase/component": "0.7.5", "@firebase/messaging": "0.13.2", "@firebase/util": "1.15.3", "tslib": "^2.1.0" }, "peerDependencies": { "@firebase/app": "0.x", "@firebase/app-compat": "0.x" } }, "sha512-8Twe4CeYvAx8AzjBxyyQFKzinaMGGt13hPQBqaARQ2QZjagrEaqSVBe+Zy6F4L/vT8DV168yRgRu7W/RK7p+4w=="],

    "@firebase/messaging-interop-types": ["@firebase/messaging-interop-types@0.2.6", "", {}, "sha512-MVzvkKe2V4H2dHu5oOxRfeKQcfTwWmCgnzsC4V1q3ixun5iiL8riCZ2qI35rDhCL4glPGiu0jHxDbpVNuTKfow=="],

    "@firebase/performance": ["@firebase/performance@0.7.14", "", { "dependencies": { "@firebase/component": "0.7.5", "@firebase/installations": "0.6.24", "@firebase/logger": "0.5.2", "@firebase/util": "1.15.3", "tslib": "^2.1.0", "web-vitals": "^4.2.4" }, "peerDependencies": { "@firebase/app": "0.x" } }, "sha512-9PH1XEZVHErxGdbXluvGz4Uyjw4W955H8v7Mv9rHIybRrg5F2Ac2tvf5+mSf5EtnxWNmxrD2WLnvMFaZP4sMrQ=="],

    "@firebase/performance-compat": ["@firebase/performance-compat@0.2.27", "", { "dependencies": { "@firebase/component": "0.7.5", "@firebase/logger": "0.5.2", "@firebase/performance": "0.7.14", "@firebase/performance-types": "0.2.5", "@firebase/util": "1.15.3", "tslib": "^2.1.0" }, "peerDependencies": { "@firebase/app": "0.x", "@firebase/app-compat": "0.x" } }, "sha512-O/ozTf/EbChN94Pk7bd1eUC0PAC36726AwsaiJyC0bZzSBWfLGSWASGPH5pebUWXQPJtGxIJYRkkbX5l0Qa+Hw=="],

    "@firebase/performance-types": ["@firebase/performance-types@0.2.5", "", {}, "sha512-PRzOgB+/M+6AKlEkY8a9xy5Ff5SfZPIh4iShXhn2WAcL/euSbK7bdLqWysHduunNJhGFsXa22Ag3ixqL6rQtYg=="],

    "@firebase/remote-config": ["@firebase/remote-config@0.9.2", "", { "dependencies": { "@firebase/component": "0.7.5", "@firebase/installations": "0.6.24", "@firebase/logger": "0.5.2", "@firebase/util": "1.15.3", "tslib": "^2.1.0" }, "peerDependencies": { "@firebase/app": "0.x" } }, "sha512-Rii93DkXjM+RE/ytHdYa7EIiQLJbdBr+W8EEiqd/vbLCOC+1FdkDuRiumJBp6t3yewHGbdqbpjB3fk3z0cZ+8g=="],

    "@firebase/remote-config-compat": ["@firebase/remote-config-compat@0.2.29", "", { "dependencies": { "@firebase/component": "0.7.5", "@firebase/logger": "0.5.2", "@firebase/remote-config": "0.9.2", "@firebase/remote-config-types": "0.5.2", "@firebase/util": "1.15.3", "tslib": "^2.1.0" }, "peerDependencies": { "@firebase/app": "0.x", "@firebase/app-compat": "0.x" } }, "sha512-mY7JtTISK6F4g4T0x3kVepr5cp0NXL7f5yjIUXXGaTrg4qUlFBWRbENaHaqZ78dwmNcLm24h/yPsOVRlDXEXhA=="],

    "@firebase/remote-config-types": ["@firebase/remote-config-types@0.5.2", "", {}, "sha512-i8k1omVfoAnaT1ZPv2FFjxMZrATYsO/GnFgHEj5+7fAJLzi8wLnGGv1WK06oEAD6ltrWXSO1HzeNyajn/NjMWw=="],

    "@firebase/storage": ["@firebase/storage@0.14.5", "", { "dependencies": { "@firebase/component": "0.7.5", "@firebase/util": "1.15.3", "tslib": "^2.1.0" }, "peerDependencies": { "@firebase/app": "0.x" } }, "sha512-r2tozN/BlEewLi70tJNUQPzWwbex9GM7NgXZsamHKQrjKEfcR0i4jGgHBKAKA4hbwiPE9eNMb3hcxWnDpeJZwg=="],

    "@firebase/storage-compat": ["@firebase/storage-compat@0.4.5", "", { "dependencies": { "@firebase/component": "0.7.5", "@firebase/storage": "0.14.5", "@firebase/storage-types": "0.8.5", "@firebase/util": "1.15.3", "tslib": "^2.1.0" }, "peerDependencies": { "@firebase/app": "0.x", "@firebase/app-compat": "0.x" } }, "sha512-vO0tFPxXbKDKdlTu8tYT08S9t9ezUTJYEdLCULpWxWq2aq6zojwN1QmAB+1a50AI/g47GlWUJn1XPncm/PDZsw=="],

    "@firebase/storage-types": ["@firebase/storage-types@0.8.5", "", { "peerDependencies": { "@firebase/app-types": "0.x", "@firebase/util": "1.x" } }, "sha512-GEDs5P+rNUfNcS+wxIdOLAHficife2YXtvTJnyi3ssrX11AAtBg+nDUdbYh8vuBzWehVQZPmztGUUnud4L+4yg=="],

    "@firebase/util": ["@firebase/util@1.15.3", "", { "dependencies": { "tslib": "^2.1.0" } }, "sha512-c/z/gaIlaaLZEuGbE6sLUuJ61tskg1JghvhcNQzW948ASBinbVBBRnZTC4b4yt4LaEtJQkYlyzqLHcutFwEIvA=="],

    "@firebase/webchannel-wrapper": ["@firebase/webchannel-wrapper@1.0.7", "", {}, "sha512-phBFwieDLvkZGYN9CE9ZFNEIoBVksprzsnCzQejCmCHtgwCXReeuRpoEGN9C4EbhONztv8NRV1tau6Rb9pONwQ=="],

    "@grpc/grpc-js": ["@grpc/grpc-js@1.9.16", "", { "dependencies": { "@grpc/proto-loader": "^0.7.8", "@types/node": ">=12.12.47" } }, "sha512-wE4Ut/olIzfKqp631XrG+wbF0v1vWFN4YL9FyXC2LJiG33DsV7PLzURjrCvY/6je2ntdRkeLpPDluzSRGaVltQ=="],

    "@grpc/proto-loader": ["@grpc/proto-loader@0.7.15", "", { "dependencies": { "lodash.camelcase": "^4.3.0", "long": "^5.0.0", "protobufjs": "^7.2.5", "yargs": "^17.7.2" }, "bin": { "proto-loader-gen-types": "build/bin/proto-loader-gen-types.js" } }, "sha512-tMXdRCfYVixjuFK+Hk0Q1s38gV9zDiDJfWL3h1rv4Qc39oILCu1TRTDt7+fGUI8K4G1Fj125Hx/ru3azECWTyQ=="],

    "@lezer/common": ["@lezer/common@1.5.2", "", {}, "sha512-sxQE460fPZyU3sdc8lafxiPwJHBzZRy/udNFynGQky1SePYBdhkBl1kOagA9uT3pxR8K09bOrmTUqA9wb/PjSQ=="],

    "@lezer/css": ["@lezer/css@1.3.6", "", { "dependencies": { "@lezer/common": "^1.2.0", "@lezer/highlight": "^1.0.0", "@lezer/lr": "^1.3.0" } }, "sha512-YJE78Wcg+zX8f10hiHWQ4Az48Qr/c13eId0VtRQYLBpxHDmDeSrXIlkbl+fJGW42rWC/uoUco9mhBZeVWP/A1g=="],

    "@lezer/highlight": ["@lezer/highlight@1.2.3", "", { "dependencies": { "@lezer/common": "^1.3.0" } }, "sha512-qXdH7UqTvGfdVBINrgKhDsVTJTxactNNxLk7+UMwZhU13lMHaOBlJe9Vqp907ya56Y3+ed2tlqzys7jDkTmW0g=="],

    "@lezer/html": ["@lezer/html@1.3.13", "", { "dependencies": { "@lezer/common": "^1.2.0", "@lezer/highlight": "^1.0.0", "@lezer/lr": "^1.0.0" } }, "sha512-oI7n6NJml729m7pjm9lvLvmXbdoMoi2f+1pwSDJkl9d68zGr7a9Btz8NdHTGQZtW2DA25ybeuv/SyDb9D5tseg=="],

    "@lezer/javascript": ["@lezer/javascript@1.5.4", "", { "dependencies": { "@lezer/common": "^1.2.0", "@lezer/highlight": "^1.1.3", "@lezer/lr": "^1.3.0" } }, "sha512-vvYx3MhWqeZtGPwDStM2dwgljd5smolYD2lR2UyFcHfxbBQebqx8yjmFmxtJ/E6nN6u1D9srOiVWm3Rb4tmcUA=="],

    "@lezer/lr": ["@lezer/lr@1.4.10", "", { "dependencies": { "@lezer/common": "^1.0.0" } }, "sha512-rnCpTIBafOx4mRp43xOxDJbFipJm/c0cia/V5TiGlhmMa+wsSdoGmUN3w5Bqrks/09Q/D4tNAmWaT8p6NRi77A=="],

    "@lezer/markdown": ["@lezer/markdown@1.7.2", "", { "dependencies": { "@lezer/common": "^1.5.0", "@lezer/highlight": "^1.0.0" } }, "sha512-iTkYvoVcKt3WkeL7qUDyXHONZEwLio4wj8KTNi2dnjQEXBZKMV63BpQrPqfsM+OkvuRbiSTAcycYAsQzLhRNoQ=="],

    "@marijn/find-cluster-break": ["@marijn/find-cluster-break@1.0.4", "", {}, "sha512-Wy0V7+SGUjnF9/TkiM1hKVDPj7jKXduPNboMVtHTA8dySMURWqfg/JZ9E2Sq8JgSJmkl7k7Qe9FLeMSrSraWmQ=="],

    "@mixmark-io/domino": ["@mixmark-io/domino@2.2.0", "", {}, "sha512-Y28PR25bHXUg88kCV7nivXrP2Nj2RueZ3/l/jdx6J9f8J4nsEGcgX0Qe6lt7Pa+J79+kPiJU3LguR6O/6zrLOw=="],

    "@protobufjs/aspromise": ["@protobufjs/aspromise@1.1.2", "", {}, "sha512-j+gKExEuLmKwvz3OgROXtrJ2UG2x8Ch2YZUxahh+s1F2HZ+wAceUNLkvy6zKCPVRkU++ZWQrdxsUeQXmcg4uoQ=="],

    "@protobufjs/base64": ["@protobufjs/base64@1.1.2", "", {}, "sha512-AZkcAA5vnN/v4PDqKyMR5lx7hZttPDgClv83E//FMNhR2TMcLUhfRUBHCmSl0oi9zMgDDqRUJkSxO3wm85+XLg=="],

    "@protobufjs/codegen": ["@protobufjs/codegen@2.0.5", "", {}, "sha512-zgXFLzW3Ap33e6d0Wlj4MGIm6Ce8O89n/apUaGNB/jx+hw+ruWEp7EwGUshdLKVRCxZW12fp9r40E1mQrf/34g=="],

    "@protobufjs/eventemitter": ["@protobufjs/eventemitter@1.1.1", "", {}, "sha512-vW1GmwMZNnL+gMRaovlh9yZX74kc+TTU3FObkkurpMaRtBfLP3ldjS9KQWlwZgraRE0+dheEEoAxdzcJQ8eXZg=="],

    "@protobufjs/fetch": ["@protobufjs/fetch@1.1.1", "", { "dependencies": { "@protobufjs/aspromise": "^1.1.1" } }, "sha512-GpptLrs57adMSuHi3VNj0mAF8dwh36LMaYF6XyJ6JMWlVsc+t42tm1HSEDmOs3A8fC9yyeisgLhsTVQokOZ0zw=="],

    "@protobufjs/float": ["@protobufjs/float@1.0.2", "", {}, "sha512-Ddb+kVXlXst9d+R9PfTIxh1EdNkgoRe5tOX6t01f1lYWOvJnSPDBlG241QLzcyPdoNTsblLUdujGSE4RzrTZGQ=="],

    "@protobufjs/path": ["@protobufjs/path@1.1.2", "", {}, "sha512-6JOcJ5Tm08dOHAbdR3GrvP+yUUfkjG5ePsHYczMFLq3ZmMkAD98cDgcT2iA1lJ9NVwFd4tH/iSSoe44YWkltEA=="],

    "@protobufjs/pool": ["@protobufjs/pool@1.1.0", "", {}, "sha512-0kELaGSIDBKvcgS4zkjz1PeddatrjYcmMWOlAuAPwAeccUrPHdUqo/J6LiymHHEiJT5NrF1UVwxY14f+fy4WQw=="],

    "@protobufjs/utf8": ["@protobufjs/utf8@1.1.2", "", {}, "sha512-b1UQwcEZ4yCnMCD8DAL1VlbvBJE9/IX4FTIp7BG1xYpf29SLazLSrqUkj4w7Y5y7cCVP6E5tcqqcI0xemPkHug=="],

    "@types/bun": ["@types/bun@1.4.0", "", { "dependencies": { "bun-types": "1.4.0" } }, "sha512-K+lZULY23vRgK/CfTjFIV+tyifaNdSMlPh9j+6mQ/cLfpOznLyAuzgV/JQysyECpkBQLVMSyvjlr2fBUSA9wFQ=="],

    "@types/marked": ["@types/marked@5.0.2", "", {}, "sha512-OucS4KMHhFzhz27KxmWg7J+kIYqyqoW5kdIEI319hqARQQUTqhao3M/F+uFnDXD0Rg72iDDZxZNxq5gvctmLlg=="],

    "@types/node": ["@types/node@26.4.1", "", { "dependencies": { "undici-types": "~8.3.0" } }, "sha512-k97ENvZWtvA6yqz5/FS6a7duDgOPEeOQOc2iKS/nY6mX6qJUKtLnWzQS+Xj6tXweyj6ZcTAK2Qecetnvi9nCLA=="],

    "@types/turndown": ["@types/turndown@5.0.6", "", {}, "sha512-ru00MoyeeouE5BX4gRL+6m/BsDfbRayOskWqUvh7CLGW+UXxHQItqALa38kKnOiZPqJrtzJUgAC2+F0rL1S4Pg=="],

    "@types/web": ["@types/web@0.0.99", "", {}, "sha512-xMz3tOvtkZzc7RpQrDNiLe5sfMmP+fz8bOxHIZ/U8qXyvzDX4L4Ss1HCjor/O9DSelba+1iXK1VM7lruX28hiQ=="],

    "acorn": ["acorn@8.18.0", "", { "bin": { "acorn": "bin/acorn" } }, "sha512-lGq+9yr1/GuAWaVYIHRjvvySG5/4VfKIvC8EWxStPdcDh/Ka7FG3twP6v4d5BkravUilhIAsG4Qj83t02LWUPQ=="],

    "acorn-loose": ["acorn-loose@8.5.2", "", { "dependencies": { "acorn": "^8.15.0" } }, "sha512-PPvV6g8UGMGgjrMu+n/f9E/tCSkNQ2Y97eFvuVdJfG11+xdIeDcLyNdC8SHcrHbRqkfwLASdplyR6B6sKM1U4A=="],

    "acorn-walk": ["acorn-walk@8.3.5", "", { "dependencies": { "acorn": "^8.11.0" } }, "sha512-HEHNfbars9v4pgpW6SO1KSPkfoS0xVOM/9UzkJltjlsHZmJasxg8aXkuZa7SMf8vKGIBhpUsPluQSqhJFCqebw=="],

    "ansi-regex": ["ansi-regex@5.0.1", "", {}, "sha512-quJQXlTSUGL2LH9SUXo8VwsY4soanhgo6LNSm84E1LBcE8s3O0wpdiRzyR9z/ZZJMlMWv37qOOb9pdJlMUEKFQ=="],

    "ansi-styles": ["ansi-styles@4.3.0", "", { "dependencies": { "color-convert": "^2.0.1" } }, "sha512-zbB9rCJAT1rbjiVDb2hqKFHNYLxgtk8NURxZ3IZwD3F6NtxbXZQCnnSi1Lkx+IDohdPlFp222wVALIheZJQSEg=="],

    "anymatch": ["anymatch@3.1.3", "", { "dependencies": { "normalize-path": "^3.0.0", "picomatch": "^2.0.4" } }, "sha512-KMReFUr0B4t+D+OBkjR3KYqvocp2XaSzO55UcB6mgQMd3KbcE+mWTyvVV7D/zsdEbNnV6acZUutkiHQXvTr1Rw=="],

    "async": ["async@3.2.6", "", {}, "sha512-htCUDlxyyCLMgaM3xXg0C0LW2xqfuQ6p05pCEIsXuyQ+a1koYKTuBMzRNwmybfLgvJDMd0r1LTn4+E0Ti6C2AA=="],

    "basic-auth": ["basic-auth@2.0.1", "", { "dependencies": { "safe-buffer": "5.1.2" } }, "sha512-NF+epuEdnUYVlGuhaxbbq+dvJttwLnGY+YixlXlME5KpQ5W3CnXA5cVTneY3SPbPDRkcjMbifrwmFYcClgOZeg=="],

    "binary-extensions": ["binary-extensions@2.3.0", "", {}, "sha512-Ceh+7ox5qe7LJuLHoY0feh3pHuUDHAcRUeyL2VYghZwfpkNIy/+8Ocg0a3UuSoYzavmylwuLWQOf3hl0jjMMIw=="],

    "braces": ["braces@3.0.3", "", { "dependencies": { "fill-range": "^7.1.1" } }, "sha512-yQbXgO/OSZVD2IsiLlro+7Hf6Q18EJrKSEsdoMzKePKXct3gvD8oLcOQdIzGupr5Fj+EDe8gO/lxc1BzfMpxvA=="],

    "bun-types": ["bun-types@1.4.1-canary.20260903T141446", "", { "dependencies": { "@types/node": "*" } }, "sha512-eibK980EQH1heRNcxyoOCjJiDtH9hMXqp06luG04au/C1aHAh3AQLOx82cirydNUdXzWHrSXmew6hAQ7duZf9w=="],

    "call-bind-apply-helpers": ["call-bind-apply-helpers@1.0.2", "", { "dependencies": { "es-errors": "^1.3.0", "function-bind": "^1.1.2" } }, "sha512-Sp1ablJ0ivDkSzjcaJdxEunN5/XvksFJ2sMBFfq6x0ryhQV/2b/KwFe21cMpmHtPOSij8K99/wSfoEuTObmuMQ=="],

    "call-bound": ["call-bound@1.0.4", "", { "dependencies": { "call-bind-apply-helpers": "^1.0.2", "get-intrinsic": "^1.3.0" } }, "sha512-+ys997U96po4Kx/ABpBCqhA9EuxJaQWDQg7295H4hBphv3IZg0boBKuwYpt4YXp6MZ5AmZQnU/tyMTlRpaSejg=="],

    "chalk": ["chalk@4.1.2", "", { "dependencies": { "ansi-styles": "^4.1.0", "supports-color": "^7.1.0" } }, "sha512-oKnbhFyRIXpUuez8iBMmyEa4nbj4IOQyuhc/wy9kY7/WVPcwIO9VA668Pu8RkO7+0G76SLROeyw9CpQ061i4mA=="],

    "chokidar": ["chokidar@3.6.0", "", { "dependencies": { "anymatch": "~3.1.2", "braces": "~3.0.2", "glob-parent": "~5.1.2", "is-binary-path": "~2.1.0", "is-glob": "~4.0.1", "normalize-path": "~3.0.0", "readdirp": "~3.6.0" }, "optionalDependencies": { "fsevents": "~2.3.2" } }, "sha512-7VT13fmjotKpGipCW9JEQAusEPE+Ei8nl6/g4FBAmIm0GOOLMua9NDDo/DWp0ZAxCr3cPq5ZpBqmPAQgDda2Pw=="],

    "cliui": ["cliui@8.0.1", "", { "dependencies": { "string-width": "^4.2.0", "strip-ansi": "^6.0.1", "wrap-ansi": "^7.0.0" } }, "sha512-BSeNnyus75C4//NQ9gQt1/csTXyo/8Sb+afLAkzAptFuMsod9HFokGNudZpi/oQV73hnVK+sR+5PVRMd+Dr7YQ=="],

    "color-convert": ["color-convert@2.0.1", "", { "dependencies": { "color-name": "~1.1.4" } }, "sha512-RRECPsj7iu/xb5oKYcsFHSppFNnsj/52OVTRKb4zP5onXwVF3zVmmToNcOfGC+CRDpfK/U584fMg38ZHCaElKQ=="],

    "color-name": ["color-name@1.1.4", "", {}, "sha512-dOy+3AuW3a2wNbZHIuMZpTcgjGuLU/uBL/ubcZF9OXbDo8ff4O8yVp5Bf0efS8uEoYo5q4Fx7dY9OgQGXgAsQA=="],

    "corser": ["corser@2.0.1", "", {}, "sha512-utCYNzRSQIZNPIcGZdQc92UVJYAhtGAteCFg0yRaFm8f0P+CPtyGyHXJcGXnffjCybUCEx3FQ2G7U3/o9eIkVQ=="],

    "crelt": ["crelt@1.0.7", "", {}, "sha512-aK6BbWfhf4U/wCcLHKPJl/xa6VkVstRaPywWtMKGwuOLc/wZTyQYuoxgvZnNsBvv7Kg3YTBQYYBCggcviQczuA=="],

    "debug": ["debug@4.4.3", "", { "dependencies": { "ms": "^2.1.3" } }, "sha512-RGwwWnwQvkVfavKVt22FGLw+xYSdzARwm0ru6DhTVA3umU5hZc28V3kO4stgYryrTlLpuvgI9GiijltAjNbcqA=="],

    "dunder-proto": ["dunder-proto@1.0.1", "", { "dependencies": { "call-bind-apply-helpers": "^1.0.1", "es-errors": "^1.3.0", "gopd": "^1.2.0" } }, "sha512-KIN/nDJBQRcXw0MLVhZE9iQHmG68qAVIBg9CqmUYjmQIhgij9U5MFvrqkUL5FbtyyzZuOeOt0zdeRe4UY7ct+A=="],

    "emoji-regex": ["emoji-regex@8.0.0", "", {}, "sha512-MSjYzcWNOA0ewAHpz0MxpYFvwg6yjy1NG3xteoqz644VCo/RPgnr1/GGt+ic3iJTzQ8Eu3TdM14SawnVUmGE6A=="],

    "es-define-property": ["es-define-property@1.0.1", "", {}, "sha512-e3nRfgfUZ4rNGL232gUgX06QNyyez04KdjFrF+LTRoOXmrOgFKDg4BCdsjW8EnT69eqdYGmRpJwiPVYNrCaW3g=="],

    "es-errors": ["es-errors@1.3.0", "", {}, "sha512-Zf5H2Kxt2xjTvbJvP2ZWLEICxA6j+hAmMzIlypy4xcBg1vKVnx89Wy0GbS+kf5cwCVFFzdCFh2XSCFNULS6csw=="],

    "es-object-atoms": ["es-object-atoms@1.1.2", "", { "dependencies": { "es-errors": "^1.3.0" } }, "sha512-HWcBoN6NileqtSydK2FqHbS/LoDd2pqrnQHLyJzBj4kOp/ky2MWMN694xOfkK8/SnUsW2DH7EfyVlydKCsm1Zw=="],

    "escalade": ["escalade@3.2.0", "", {}, "sha512-WUj2qlxaQtO4g6Pq5c29GTcWGDyd8itL8zTlipgECz3JesAiiOKotd8JU6otB3PACgG6xkJUyVhboMS+bje/jA=="],

    "eventemitter3": ["eventemitter3@4.0.7", "", {}, "sha512-8guHBZCwKnFhYdHr2ysuRWErTwhoN2X8XELRlrRwpmfeY2jjuUN4taQMsULKUVo1K4DvZl+0pgfyoysHxvmvEw=="],

    "faye-websocket": ["faye-websocket@0.11.4", "", { "dependencies": { "websocket-driver": ">=0.5.1" } }, "sha512-CzbClwlXAuiRQAlUyfqPgvPoNKTckTPGfwZV4ZdAhVcP2lh9KUxJg2b5GkE7XbjKQ3YJnQ9z6D9ntLAlB+tP8g=="],

    "fill-range": ["fill-range@7.1.1", "", { "dependencies": { "to-regex-range": "^5.0.1" } }, "sha512-YsGpe3WHLK8ZYi4tWDg2Jy3ebRz2rXowDxnld4bkQB00cc/1Zw9AWnC0i9ztDJitivtQvaI9KaLyKrc+hBW0yg=="],

    "firebase": ["firebase@12.18.0", "", { "dependencies": { "@firebase/ai": "2.15.0", "@firebase/analytics": "0.10.24", "@firebase/analytics-compat": "0.2.30", "@firebase/app": "0.16.1", "@firebase/app-check": "0.13.1", "@firebase/app-check-compat": "0.4.7", "@firebase/app-compat": "0.5.17", "@firebase/app-types": "0.9.6", "@firebase/auth": "1.13.5", "@firebase/auth-compat": "0.6.10", "@firebase/data-connect": "0.7.4", "@firebase/database": "1.1.5", "@firebase/database-compat": "2.1.7", "@firebase/firestore": "4.17.1", "@firebase/firestore-compat": "0.4.13", "@firebase/functions": "0.14.0", "@firebase/functions-compat": "0.5.0", "@firebase/installations": "0.6.24", "@firebase/installations-compat": "0.2.24", "@firebase/messaging": "0.13.2", "@firebase/messaging-compat": "0.2.29", "@firebase/performance": "0.7.14", "@firebase/performance-compat": "0.2.27", "@firebase/remote-config": "0.9.2", "@firebase/remote-config-compat": "0.2.29", "@firebase/storage": "0.14.5", "@firebase/storage-compat": "0.4.5", "@firebase/util": "1.15.3" } }, "sha512-XaL6tlE5Xd20ZDhckqOMIw+JJTET+wTdeZPxQ7ihc42oxRb7kWUyn/j1LO5V9dH1xq8Rv5R71Pv1fBCdIkt9Rw=="],

    "follow-redirects": ["follow-redirects@1.16.0", "", { "peerDependencies": { "debug": "*" }, "optionalPeers": ["debug"] }, "sha512-y5rN/uOsadFT/JfYwhxRS5R7Qce+g3zG97+JrtFZlC9klX/W5hD7iiLzScI4nZqUS7DNUdhPgw4xI8W2LuXlUw=="],

    "fsevents": ["fsevents@2.3.3", "", { "os": "darwin" }, "sha512-5xoDfX+fL7faATnagmWPpbFtwh/R77WmMMqqHGS65C3vvB0YHrgF+B1YmZ3441tMj5n63k0212XNoJwzlhffQw=="],

    "function-bind": ["function-bind@1.1.2", "", {}, "sha512-7XHNxH7qX9xG5mIwxkhumTox/MIRNcOgDrxWsMt2pAr23WHp6MrRlN7FBSFpCpr+oVO0F744iUgR82nJMfG2SA=="],

    "get-caller-file": ["get-caller-file@2.0.5", "", {}, "sha512-DyFP3BM/3YHTQOCUL/w0OZHR0lpKeGrxotcHWcqNEdnltqFwXVfhEBQ94eIo34AfQpo0rGki4cyIiftY06h2Fg=="],

    "get-intrinsic": ["get-intrinsic@1.3.0", "", { "dependencies": { "call-bind-apply-helpers": "^1.0.2", "es-define-property": "^1.0.1", "es-errors": "^1.3.0", "es-object-atoms": "^1.1.1", "function-bind": "^1.1.2", "get-proto": "^1.0.1", "gopd": "^1.2.0", "has-symbols": "^1.1.0", "hasown": "^2.0.2", "math-intrinsics": "^1.1.0" } }, "sha512-9fSjSaos/fRIVIp+xSJlE6lfwhES7LNtKaCBIamHsjr2na1BiABJPo0mOjjz8GJDURarmCPGqaiVg5mfjb98CQ=="],

    "get-proto": ["get-proto@1.0.1", "", { "dependencies": { "dunder-proto": "^1.0.1", "es-object-atoms": "^1.0.0" } }, "sha512-sTSfBjoXBp89JvIKIefqw7U2CCebsc74kiY6awiGogKtoSGbgjYE/G/+l9sF3MWFPNc9IcoOC4ODfKHfxFmp0g=="],

    "glob-parent": ["glob-parent@5.1.2", "", { "dependencies": { "is-glob": "^4.0.1" } }, "sha512-AOIgSQCepiJYwP3ARnGx+5VnTu2HBYdzbGP45eLw1vr3zB3vZLeyed1sC9hnbcOc9/SrMyM5RPQrkGz4aS9Zow=="],

    "gopd": ["gopd@1.2.0", "", {}, "sha512-ZUKRh6/kUFoAiTAtTYPZJ3hw9wNxx+BIBOijnlG9PnrJsCcSjs1wyyD6vJpaYtgnzDrKYRSqf3OO6Rfa93xsRg=="],

    "has-flag": ["has-flag@4.0.0", "", {}, "sha512-EykJT/Q1KjTWctppgIAgfSO0tKVuZUjhgMr17kqTumMl6Afv3EISleU7qZUzoXDFTAHTDC4NOoG/ZxU3EvlMPQ=="],

    "has-symbols": ["has-symbols@1.1.0", "", {}, "sha512-1cDNdwJ2Jaohmb3sg4OmKaMBwuC48sYni5HUw2DvsC8LjGTLK9h+eb1X6RyuOHe4hT0ULCW68iomhjUoKUqlPQ=="],

    "hasown": ["hasown@2.0.4", "", { "dependencies": { "function-bind": "^1.1.2" } }, "sha512-T2UbfbBEF32wiepXIsMlTW9+dDYC6wMh/t/vYA4tuOMKqWz/n3vr1NFSxQiyP+zk2mXsoMA/i/7qV6LKut1t1A=="],

    "he": ["he@1.2.0", "", { "bin": { "he": "bin/he" } }, "sha512-F/1DnUGPopORZi0ni+CvrCgHQ5FyEAHRLSApuYWMmrbSwoN2Mn/7k+Gl38gJnR7yyDZk6WLXwiGod1JOWNDKGw=="],

    "html-encoding-sniffer": ["html-encoding-sniffer@3.0.0", "", { "dependencies": { "whatwg-encoding": "^2.0.0" } }, "sha512-oWv4T4yJ52iKrufjnyZPkrN0CH3QnrUqdB6In1g5Fe1mia8GmF36gnfNySxoZtxD5+NmYw1EElVXiBk93UeskA=="],

    "http-parser-js": ["http-parser-js@0.5.10", "", {}, "sha512-Pysuw9XpUq5dVc/2SMHpuTY01RFl8fttgcyunjL7eEMhGM3cI4eOmiCycJDVCo/7O7ClfQD3SaI6ftDzqOXYMA=="],

    "http-proxy": ["http-proxy@1.18.1", "", { "dependencies": { "eventemitter3": "^4.0.0", "follow-redirects": "^1.0.0", "requires-port": "^1.0.0" } }, "sha512-7mz/721AbnJwIVbnaSv1Cz3Am0ZLT/UBwkC92VlxhXv/k/BBQfM2fXElQNC27BVGr0uwUpplYPQM9LnaBMR5NQ=="],

    "http-server": ["http-server@14.1.1", "", { "dependencies": { "basic-auth": "^2.0.1", "chalk": "^4.1.2", "corser": "^2.0.1", "he": "^1.2.0", "html-encoding-sniffer": "^3.0.0", "http-proxy": "^1.18.1", "mime": "^1.6.0", "minimist": "^1.2.6", "opener": "^1.5.1", "portfinder": "^1.0.28", "secure-compare": "3.0.1", "union": "~0.5.0", "url-join": "^4.0.1" }, "bin": { "http-server": "bin/http-server" } }, "sha512-+cbxadF40UXd9T01zUHgA+rlo2Bg1Srer4+B4NwIHdaGxAGGv59nYRnGGDJ9LBk7alpS0US+J+bLLdQOOkJq4A=="],

    "iconv-lite": ["iconv-lite@0.6.3", "", { "dependencies": { "safer-buffer": ">= 2.1.2 < 3.0.0" } }, "sha512-4fCk79wshMdzMp2rH06qWrJE4iolqLhCUH+OiuIgU++RB0+94NlDL81atO7GX55uUKueo0txHNtvEyI6D7WdMw=="],

    "idb": ["idb@7.1.1", "", {}, "sha512-gchesWBzyvGHRO9W8tzUWFDycow5gwjvFKfyV9FF32Y7F50yZMp7mP+T2mJIWFx49zicqyC4uefHM17o6xKIVQ=="],

    "is-binary-path": ["is-binary-path@2.1.0", "", { "dependencies": { "binary-extensions": "^2.0.0" } }, "sha512-ZMERYes6pDydyuGidse7OsHxtbI7WVeUEozgR/g7rd0xUimYNlvZRE/K2MgZTjWy725IfelLeVcEM97mmtRGXw=="],

    "is-extglob": ["is-extglob@2.1.1", "", {}, "sha512-SbKbANkN603Vi4jEZv49LeVJMn4yGwsbzZworEoyEiutsN3nJYdbO36zfhGJ6QEDpOZIFkDtnq5JRxmvl3jsoQ=="],

    "is-fullwidth-code-point": ["is-fullwidth-code-point@3.0.0", "", {}, "sha512-zymm5+u+sCsSWyD9qNaejV3DFvhCKclKdizYaJUuHA83RLjb7nSuGnddCHGv0hk+KY7BMAlsWeK4Ueg6EV6XQg=="],

    "is-glob": ["is-glob@4.0.3", "", { "dependencies": { "is-extglob": "^2.1.1" } }, "sha512-xelSayHH36ZgE7ZWhli7pW34hNbNl8Ojv5KVmkJD4hBdD3th8Tfk9vYasLM+mXWOZhFkgZfxhLSnrwRr4elSSg=="],

    "is-number": ["is-number@7.0.0", "", {}, "sha512-41Cifkg6e8TylSpdtTpeLVMqvSBEVzTttHvERD741+pnZ8ANv0004MRL43QKPDlK9cGvNp6NZWZUBlbGXYxxng=="],

    "lodash.camelcase": ["lodash.camelcase@4.3.0", "", {}, "sha512-TwuEnCnxbc3rAvhf/LbG7tJUDzhqXyFnv3dtzLOPgCG/hODL7WFnsbwktkD7yUV0RrreP/l1PALq/YSg6VvjlA=="],

    "long": ["long@5.3.2", "", {}, "sha512-mNAgZ1GmyNhD7AuqnTG3/VQ26o760+ZYBPKjPvugO8+nLbYfX6TVpJPseBvopbdY+qpZ/lKUnmEc1LeZYS3QAA=="],

    "marked": ["marked@16.4.2", "", { "bin": { "marked": "bin/marked.js" } }, "sha512-TI3V8YYWvkVf3KJe1dRkpnjs68JUPyEa5vjKrp1XEEJUAOaQc+Qj+L1qWbPd0SJuAdQkFU0h73sXXqwDYxsiDA=="],

    "math-intrinsics": ["math-intrinsics@1.1.0", "", {}, "sha512-/IXtbwEk5HTPyEwyKX6hGkYXxM9nbj64B+ilVJnC/R6B0pH5G4V3b0pVbL7DBj4tkhBAppbQUlf6F6Xl9LHu1g=="],

    "mime": ["mime@1.6.0", "", { "bin": { "mime": "cli.js" } }, "sha512-x0Vn8spI+wuJ1O6S7gnbaQg8Pxh4NNHb7KSINmEWKiPE4RKOplvijn+NkmYmmRgP68mc70j2EbeTFRsrswaQeg=="],

    "minimist": ["minimist@1.2.8", "", {}, "sha512-2yyAR8qBkN3YuheJanUpWC5U3bb5osDywNB8RzDVlDwDHbocAJveqqj1u8+SVD7jkWT4yvsHCpWqqWqAxb0zCA=="],

    "ms": ["ms@2.1.3", "", {}, "sha512-6FlzubTLZG3J2a/NVCAleEhjzq5oxgHyaCU9yYXvcLsvoVaHJq/s5xXI6/XXP6tz7R9xAOtHnSO/tXtF3WRTlA=="],

    "normalize-path": ["normalize-path@3.0.0", "", {}, "sha512-6eZs5Ls3WtCisHWp9S2GUy8dqkpGi4BVSz3GaqiE6ezub0512ESztXUwUB6C6IKbQkY2Pnb/mD4WYojCRwcwLA=="],

    "object-inspect": ["object-inspect@1.13.4", "", {}, "sha512-W67iLl4J2EXEGTbfeHCffrjDfitvLANg0UlX3wFUUSTx92KXRFegMHUVgSqE+wvhAbi4WqjGg9czysTV2Epbew=="],

    "opener": ["opener@1.5.2", "", { "bin": { "opener": "bin/opener-bin.js" } }, "sha512-ur5UIdyw5Y7yEj9wLzhqXiy6GZ3Mwx0yGI+5sMn2r0N0v3cKJvUmFH5yPP+WXh9e0xfyzyJX95D8l088DNFj7A=="],

    "picomatch": ["picomatch@2.3.2", "", {}, "sha512-V7+vQEJ06Z+c5tSye8S+nHUfI51xoXIXjHQ99cQtKUkQqqO1kO/KCJUfZXuB47h/YBlDhah2H3hdUGXn8ie0oA=="],

    "portfinder": ["portfinder@1.0.38", "", { "dependencies": { "async": "^3.2.6", "debug": "^4.3.6" } }, "sha512-rEwq/ZHlJIKw++XtLAO8PPuOQA/zaPJOZJ37BVuN97nLpMJeuDVLVGRwbFoBgLudgdTMP2hdRJP++H+8QOA3vg=="],

    "prettier": ["prettier@2.8.8", "", { "bin": { "prettier": "bin-prettier.js" } }, "sha512-tdN8qQGvNjw4CHbY+XXk0JgCXn9QiF21a55rBe5LJAU+kDyC4WQn4+awm2Xfk2lQMk5fKup9XgzTZtGkjBdP9Q=="],

    "protobufjs": ["protobufjs@7.6.6", "", { "dependencies": { "@protobufjs/aspromise": "^1.1.2", "@protobufjs/base64": "^1.1.2", "@protobufjs/codegen": "^2.0.5", "@protobufjs/eventemitter": "^1.1.1", "@protobufjs/fetch": "^1.1.1", "@protobufjs/float": "^1.0.2", "@protobufjs/path": "^1.1.2", "@protobufjs/pool": "^1.1.0", "@protobufjs/utf8": "^1.1.1", "@types/node": ">=13.7.0", "long": "^5.3.2" } }, "sha512-dYDWdjSl5RNb7SgPxGQcRU+GtvP7s2fpkrY0r432PcOIaZ0/rBcxEZnQN67iJhFuQiVw754JDoPruPCNdGsbjg=="],

    "qs": ["qs@6.16.0", "", { "dependencies": { "es-define-property": "^1.0.1", "side-channel": "^1.1.1" } }, "sha512-h6fhOIaRrID2CbEY2fqs+7t+UXZo+MLAnU5gRIq85uFtdiUPCdsApMlHhXogKVM4HM2DVbIjGNTTYH2OcmP1vA=="],

    "re2js": ["re2js@2.8.6", "", {}, "sha512-xLgQil4kIUCrAzVk9fRSkxkFNwmygLFjVxXrLc65aE1F0+Zsb8rxumFBy4XKyvgMCTL6kilDq3EZ0piE2dP/Dg=="],

    "readdirp": ["readdirp@3.6.0", "", { "dependencies": { "picomatch": "^2.2.1" } }, "sha512-hOS089on8RduqdbhvQ5Z37A0ESjsqz6qnRcffsMU3495FuTdqSm+7bhJ29JvIOsBDEEnan5DPu9t3To9VRlMzA=="],

    "require-directory": ["require-directory@2.1.1", "", {}, "sha512-fGxEI7+wsG9xrvdjsrlmL22OMTTiHRwAMroiEeMgq8gzoLC/PQr7RsRDSTLUg/bZAZtF+TVIkHc6/4RIKrui+Q=="],

    "requires-port": ["requires-port@1.0.0", "", {}, "sha512-KigOCHcocU3XODJxsu8i/j8T9tzT4adHiecwORRQ0ZZFcp7ahwXuRU1m+yuO90C5ZUyGeGfocHDI14M3L3yDAQ=="],

    "safe-buffer": ["safe-buffer@5.1.2", "", {}, "sha512-Gd2UZBJDkXlY7GbJxfsE8/nvKkUEU1G38c1siN6QP6a9PT9MmHB8GnpscSmMJSoF8LOIrt8ud/wPtojys4G6+g=="],

    "safer-buffer": ["safer-buffer@2.1.2", "", {}, "sha512-YZo3K82SD7Riyi0E1EQPojLz7kpepnSQI9IyPbHHg1XXXevb5dJI7tpyN2ADxGcQbHG7vcyRHk0cbwqcQriUtg=="],

    "secure-compare": ["secure-compare@3.0.1", "", {}, "sha512-AckIIV90rPDcBcglUwXPF3kg0P0qmPsPXAj6BBEENQE1p5yA1xfmDJzfi1Tappj37Pv2mVbKpL3Z1T+Nn7k1Qw=="],

    "side-channel": ["side-channel@1.1.1", "", { "dependencies": { "es-errors": "^1.3.0", "object-inspect": "^1.13.4", "side-channel-list": "^1.0.1", "side-channel-map": "^1.0.1", "side-channel-weakmap": "^1.0.2" } }, "sha512-6x6dK6zJdpTzF4sQeNYxwtvBzf6Eg4GtlesS94HOvTudUeyK2WXAaIfmDgsyslYrRBeFIlsi54AYsFGUuhmvrQ=="],

    "side-channel-list": ["side-channel-list@1.0.1", "", { "dependencies": { "es-errors": "^1.3.0", "object-inspect": "^1.13.4" } }, "sha512-mjn/0bi/oUURjc5Xl7IaWi/OJJJumuoJFQJfDDyO46+hBWsfaVM65TBHq2eoZBhzl9EchxOijpkbRC8SVBQU0w=="],

    "side-channel-map": ["side-channel-map@1.0.1", "", { "dependencies": { "call-bound": "^1.0.2", "es-errors": "^1.3.0", "get-intrinsic": "^1.2.5", "object-inspect": "^1.13.3" } }, "sha512-VCjCNfgMsby3tTdo02nbjtM/ewra6jPHmpThenkTYh8pG9ucZ/1P8So4u4FGBek/BjpOVsDCMoLA/iuBKIFXRA=="],

    "side-channel-weakmap": ["side-channel-weakmap@1.0.2", "", { "dependencies": { "call-bound": "^1.0.2", "es-errors": "^1.3.0", "get-intrinsic": "^1.2.5", "object-inspect": "^1.13.3", "side-channel-map": "^1.0.1" } }, "sha512-WPS/HvHQTYnHisLo9McqBHOJk2FkHO/tlpvldyrnem4aeQp4hai3gythswg6p01oSoTl58rcpiFAjF2br2Ak2A=="],

    "string-width": ["string-width@4.2.3", "", { "dependencies": { "emoji-regex": "^8.0.0", "is-fullwidth-code-point": "^3.0.0", "strip-ansi": "^6.0.1" } }, "sha512-wKyQRQpjJ0sIp62ErSZdGsjMJWsap5oRNihHhu6G7JVO/9jIB6UyevL+tXuOqrng8j/cxKTWyWUwvSTriiZz/g=="],

    "strip-ansi": ["strip-ansi@6.0.1", "", { "dependencies": { "ansi-regex": "^5.0.1" } }, "sha512-Y38VPSHcqkFrCpFnQ9vuSXmquuv5oXOKpGeT6aGrr3o3Gc9AlVa6JBfUSOCnbxGGZF+/0ooI7KrPuUSztUdU5A=="],

    "style-mod": ["style-mod@4.1.3", "", {}, "sha512-i/n8VsZydrugj3Iuzll8+x/00GH2vnYsk1eomD8QiRrSAeW6ItbCQDtfXCeJHd0iwiNagqjQkvpvREEPtW3IoQ=="],

    "supports-color": ["supports-color@7.2.0", "", { "dependencies": { "has-flag": "^4.0.0" } }, "sha512-qpCAvRl9stuOHveKsn7HncJRvv501qIacKzQlO/+Lwxc9+0q2wLyv4Dfvt80/DPn2pqOBsJdDiogXGR9+OvwRw=="],

    "tjs-lang": ["tjs-lang@0.12.0", "", { "dependencies": { "acorn": "^8.15.0", "acorn-loose": "^8.5.2", "acorn-walk": "^8.3.4", "tosijs-schema": "^1.4.0" }, "peerDependencies": { "@codemirror/autocomplete": "^6.0.0", "@codemirror/lang-javascript": "^6.0.0", "@codemirror/language": "^6.0.0", "@codemirror/state": "^6.0.0", "@codemirror/view": "^6.0.0" }, "optionalPeers": ["@codemirror/autocomplete", "@codemirror/lang-javascript", "@codemirror/language", "@codemirror/state", "@codemirror/view"], "bin": { "tjs": "src/cli/tjs.ts", "tjsx": "src/cli/tjsx.ts", "create-tjs-app": "src/cli/create-app.ts", "tjs-playground": "src/cli/playground.ts", "ajs-install-cursor": "bin/install-cursor.sh", "ajs-install-vscode": "bin/install-vscode.sh" } }, "sha512-aZFwHRfeh4EuNEj/3Hky/H98fM7IXHbE7Rw71TNLvCtkom/I9aw/4iRGDNl66nc3huUA9A95DydGEP1yqHvvSQ=="],

    "to-regex-range": ["to-regex-range@5.0.1", "", { "dependencies": { "is-number": "^7.0.0" } }, "sha512-65P7iz6X5yEr1cwcgvQxbbIw7Uk3gOy5dIdtZ4rDveLqhrdJP+Li/Hx6tyK0NEb+2GCyneCMJiGqrADCSNk8sQ=="],

    "tosijs": ["tosijs@1.9.2", "", { "bin": { "tosijs": "dist/cli.mjs" } }, "sha512-9aBvMQBbgJFI7k4S9yL7s6XEjyxpYMe8D5TzBpeZ7rG/zBQkLpa8V70dsfDQjeb+suefZRiTwCuEETA+MWWOZA=="],

    "tosijs-schema": ["tosijs-schema@1.9.0", "", {}, "sha512-+7SOtcHAYzdUF6nGuaCuMP5TbL+r3pmuYUejUFZPOz1YNU6/rMSF+DodQfTvlubD2h2C68wcXVJwg5UzMxBUKw=="],

    "tosijs-ui": ["tosijs-ui@1.13.0", "", { "dependencies": { "@codemirror/autocomplete": "^6.20.3", "@codemirror/commands": "^6.10.4", "@codemirror/lang-css": "^6.3.1", "@codemirror/lang-html": "^6.4.11", "@codemirror/lang-javascript": "^6.2.5", "@codemirror/lang-markdown": "^6.5.1", "@codemirror/language": "^6.12.4", "@codemirror/lint": "^6.9.7", "@codemirror/search": "^6.7.1", "@codemirror/state": "^6.7.1", "@codemirror/theme-one-dark": "^6.1.3", "@codemirror/view": "^6.43.7" }, "peerDependencies": { "@resvg/resvg-js": "^2.6.2", "chokidar": "^4.0.3", "happy-dom": "^20.7.0", "marked": "^16.4.2 || ^17.0.0 || ^18.0.0", "tjs-lang": "^0.13.1", "tosijs": "^1.9.1", "tosijs-schema": "^1.8.0" }, "optionalPeers": ["@resvg/resvg-js", "chokidar", "happy-dom", "tjs-lang", "tosijs-schema"], "bin": { "tosijs-make-icons": "bin/make-icon-data.js", "tosijs-dev-certs": "tls/create-dev-certs.sh", "tosijs-tunnel": "bin/tunnel.ts", "tosijs-deploy": "bin/deploy-preview.ts", "tosijs-release-notes": "bin/release-notes.ts", "tosijs-caddy-install": "bin/caddy-install.ts" } }, "sha512-hY4z9EicAK5eElApTKAhBot6o1cM9ddBzN68ZoNpCjhqfKJVX3y/9XdGWK9WSMKGP7iafESZXYAgjLm31xvlIA=="],

    "tslib": ["tslib@2.8.1", "", {}, "sha512-oJFu94HQb+KVduSUQL7wnpmqnfmLsOA/nAh6b6EH0wCEoK0/mPeXU6c3wKDV83MkOuHPRHtSXKKU99IBazS/2w=="],

    "turndown": ["turndown@7.2.4", "", { "dependencies": { "@mixmark-io/domino": "^2.2.0" } }, "sha512-I8yFsfRzmzK0WV1pNNOA4A7y4RDfFxPRxb3t+e3ui14qSGOxGtiSP6GjeX+Y6CHb7HYaFj7ECUD7VE5kQMZWGQ=="],

    "typescript": ["typescript@5.9.3", "", { "bin": { "tsc": "bin/tsc", "tsserver": "bin/tsserver" } }, "sha512-jl1vZzPDinLr9eUt3J/t7V6FgNEw9QjvBPdysz9KfQDD41fQrC2Y4vKQdiaUpFT4bXlb1RHhLpp8wtm6M5TgSw=="],

    "undici-types": ["undici-types@8.3.0", "", {}, "sha512-j375ScV60dom+YkPFIfTLcOiPxkN/buHz5GobjLhixFuANaNs3C9l4GmrWqejgXWJ7BbJcFYpTEUkS1Ge8bpZQ=="],

    "union": ["union@0.5.0", "", { "dependencies": { "qs": "^6.4.0" } }, "sha512-N6uOhuW6zO95P3Mel2I2zMsbsanvvtgn6jVqJv4vbVcz/JN0OkL9suomjQGmWtxJQXOCqUJvquc1sMeNz/IwlA=="],

    "url-join": ["url-join@4.0.1", "", {}, "sha512-jk1+QP6ZJqyOiuEI9AEWQfju/nB2Pw466kbA0LEZljHwKeMgd9WrAEgEGxjPDD2+TNbbb37rTyhEfrCXfuKXnA=="],

    "w3c-keyname": ["w3c-keyname@2.2.8", "", {}, "sha512-dpojBhNsCNN7T82Tm7k26A6G9ML3NkhDsnw9n/eoxSRlVBB4CEtIQ/KTCLI2Fwf3ataSXRhYFkQi3SlnFwPvPQ=="],

    "web-vitals": ["web-vitals@4.2.4", "", {}, "sha512-r4DIlprAGwJ7YM11VZp4R884m0Vmgr6EAKe3P+kO0PPj3Unqyvv59rczf6UiGcb9Z8QxZVcqKNwv/g0WNdWwsw=="],

    "websocket-driver": ["websocket-driver@0.7.5", "", { "dependencies": { "http-parser-js": ">=0.5.1", "safe-buffer": ">=5.1.0", "websocket-extensions": ">=0.1.1" } }, "sha512-ZL2+3c7kMBdIRCMz6l8jQMHyGVxj+UL+xVk74Ombiciboca8rHa15L86B19E5oh1pL9Ii/uj54gtsIrZGMo6zA=="],

    "websocket-extensions": ["websocket-extensions@0.1.4", "", {}, "sha512-OqedPIGOfsDlo31UNwYbCFMSaO9m9G/0faIHj5/dZFDMFqPTcx6UwqyOy3COEaEOg/9VsGIpdqn62W5KhoKSpg=="],

    "whatwg-encoding": ["whatwg-encoding@2.0.0", "", { "dependencies": { "iconv-lite": "0.6.3" } }, "sha512-p41ogyeMUrw3jWclHWTQg1k05DSVXPLcVxRTYsXUk+ZooOCZLcoYgPZ/HL/D/N+uQPOtcp1me1WhBEaX02mhWg=="],

    "wrap-ansi": ["wrap-ansi@7.0.0", "", { "dependencies": { "ansi-styles": "^4.0.0", "string-width": "^4.1.0", "strip-ansi": "^6.0.0" } }, "sha512-YVGIj2kamLSTxw6NsZjoBxfSwsn0ycdesmc4p+Q21c5zPuZ1pl+NfxVdxPtdHvmNVOQ6XSYG4AUtyt/Fi7D16Q=="],

    "y18n": ["y18n@5.0.8", "", {}, "sha512-0pfFzegeDWJHJIAmTLRP2DwHjdF5s7jo9tuztdQxAhINCdvS+3nGINqPd00AphqJR/0LhANUS6/+7SCb98YOfA=="],

    "yargs": ["yargs@17.7.3", "", { "dependencies": { "cliui": "^8.0.1", "escalade": "^3.1.1", "get-caller-file": "^2.0.5", "require-directory": "^2.1.1", "string-width": "^4.2.3", "y18n": "^5.0.5", "yargs-parser": "^21.1.1" } }, "sha512-GZtjxm/J/4TSxuL3FNYjCmLktBTnIw/rVmKSIyKeYAZpmJB2ig9VauCC5xsa82GNKVKDAqpOn3KVzNt0zmrU0g=="],

    "yargs-parser": ["yargs-parser@21.1.1", "", {}, "sha512-tVpsJW7DdjecAiFpbIB1e3qxIQsE6NoPc5/eTdrbbIC4h0LVsWhnoa3g+m2HclBIujHzsxZ4VJVA+GUuc2/LBw=="],

    "@types/bun/bun-types": ["bun-types@1.4.0", "", { "dependencies": { "@types/node": "*" } }, "sha512-iIKw23BspnQQYd3prITOBxeUsxBHnwzX6YJfGMuNOZzeNcMmVqzIIVGRm1l69ogaPQmb4wB6BN8mA5bE9YuC5Q=="],

    "websocket-driver/safe-buffer": ["safe-buffer@5.2.1", "", {}, "sha512-rp3So07KcdmmKbGvgaNxQSJr7bGVSVk5S9Eq1F+ppbRo70+YeaDxkw5Dd8NPN+GD6bjnYm2VuPuCXmpuYvmCXQ=="],
  }
}
